lockfileVersion: 5.4

specifiers:
  '@element-plus/icons-vue': ^2.1.0
  dayjs: ^1.11.8

dependencies:
  '@element-plus/icons-vue': 2.1.0
  dayjs: 1.11.8

packages:

  /@element-plus/icons-vue/2.1.0:
    resolution: {integrity: sha512-PSBn3elNoanENc1vnCfh+3WA9fimRC7n+fWkf3rE5jvv+aBohNHABC/KAR5KWPecxWxDTVT1ERpRbOMRcOV/vA==}
    peerDependencies:
      vue: ^3.2.0
    dev: false

  /dayjs/1.11.8:
    resolution: {integrity: sha512-LcgxzFoWMEPO7ggRv1Y2N31hUf2R0Vj7fuy/m+Bg1K8rr+KAs1AEy4y9jd5DXe8pbHgX+srkHNS7TH6Q6ZhYeQ==}
    dev: false
